
Microsoft Visual Studio Solution File, Format Version 12.00
# Visual Studio 15
VisualStudioVersion = 15.0.28010.2050
MinimumVisualStudioVersion = 10.0.40219.1
Project("{FAE04EC0-301F-11D3-BF4B-00C04F79EFBC}") = "ToDoApp", "ToDoApp\ToDoApp.csproj", "{07272096-7498-4F50-B9FC-AA5202BDA99D}"
EndProject
Project("{9A19103F-16F7-4668-BE54-9A1E7A4F7556}") = "ToDoApp.Common", "ToDoApp.Common\ToDoApp.Common.csproj", "{1D29C192-A630-427B-B094-8484E91C41FE}"
EndProject
Project("{FAE04EC0-301F-11D3-BF4B-00C04F79EFBC}") = "ToDoApp.DAL", "ToDoApp.DAL\ToDoApp.DAL.csproj", "{37EE6560-7CB4-410E-814F-2AAD78D2D589}"
EndProject
Global
	GlobalSection(SolutionConfigurationPlatforms) = preSolution
		Debug|Any CPU = Debug|Any CPU
		Release|Any CPU = Release|Any CPU
	EndGlobalSection
	GlobalSection(ProjectConfigurationPlatforms) = postSolution
		{07272096-7498-4F50-B9FC-AA5202BDA99D}.Debug|Any CPU.ActiveCfg = Debug|Any CPU
		{07272096-7498-4F50-B9FC-AA5202BDA99D}.Debug|Any CPU.Build.0 = Debug|Any CPU
		{07272096-7498-4F50-B9FC-AA5202BDA99D}.Debug|Any CPU.Deploy.0 = Debug|Any CPU
		{07272096-7498-4F50-B9FC-AA5202BDA99D}.Release|Any CPU.ActiveCfg = Release|Any CPU
		{07272096-7498-4F50-B9FC-AA5202BDA99D}.Release|Any CPU.Build.0 = Release|Any CPU
		{07272096-7498-4F50-B9FC-AA5202BDA99D}.Release|Any CPU.Deploy.0 = Release|Any CPU
		{1D29C192-A630-427B-B094-8484E91C41FE}.Debug|Any CPU.ActiveCfg = Debug|Any CPU
		{1D29C192-A630-427B-B094-8484E91C41FE}.Debug|Any CPU.Build.0 = Debug|Any CPU
		{1D29C192-A630-427B-B094-8484E91C41FE}.Release|Any CPU.ActiveCfg = Release|Any CPU
		{1D29C192-A630-427B-B094-8484E91C41FE}.Release|Any CPU.Build.0 = Release|Any CPU
		{37EE6560-7CB4-410E-814F-2AAD78D2D589}.Debug|Any CPU.ActiveCfg = Debug|Any CPU
		{37EE6560-7CB4-410E-814F-2AAD78D2D589}.Debug|Any CPU.Build.0 = Debug|Any CPU
		{37EE6560-7CB4-410E-814F-2AAD78D2D589}.Release|Any CPU.ActiveCfg = Release|Any CPU
		{37EE6560-7CB4-410E-814F-2AAD78D2D589}.Release|Any CPU.Build.0 = Release|Any CPU
	EndGlobalSection
	GlobalSection(SolutionProperties) = preSolution
		HideSolutionNode = FALSE
	EndGlobalSection
	GlobalSection(ExtensibilityGlobals) = postSolution
		SolutionGuid = {69034060-D30A-4943-A840-6DA252F09FCB}
	EndGlobalSection
EndGlobal
